
Microsoft Visual Studio Solution File, Format Version 12.00
# Visual Studio Version 17
VisualStudioVersion = 17.2.32630.192
MinimumVisualStudioVersion = 10.0.40219.1
Project("{2150E333-8FDC-42A3-9474-1A3956D46DE8}") = "Shop.Core", "Shop.Core", "{789C4873-784D-4BE5-AE2C-993B91F55AF2}"
EndProject
Project("{9A19103F-16F7-4668-BE54-9A1E7A4F7556}") = "Shop.Core", "Shop.Core\Shop.Core.csproj", "{06774609-3CFD-481E-AC9D-E53351D22E2F}"
EndProject
Project("{2150E333-8FDC-42A3-9474-1A3956D46DE8}") = "Shop.Data", "Shop.Data", "{7E0C293A-91D9-4533-81BC-0953E7B8FDF8}"
EndProject
Project("{9A19103F-16F7-4668-BE54-9A1E7A4F7556}") = "Shop.Data", "Shop.Data\Shop.Data\Shop.Data.csproj", "{AFF88059-E2E4-49B8-B9EB-3383D820C895}"
EndProject
Project("{2150E333-8FDC-42A3-9474-1A3956D46DE8}") = "Shop.Service", "Shop.Service", "{57F75460-754C-4C7D-8BF1-3DCCD8FF8FE3}"
EndProject
Project("{9A19103F-16F7-4668-BE54-9A1E7A4F7556}") = "Shop.Service", "Shop.Service\Shop.Service.csproj", "{BB1B301E-35BB-4ABE-AD58-990477B80A0B}"
EndProject
Project("{2150E333-8FDC-42A3-9474-1A3956D46DE8}") = "Shope.App", "Shope.App", "{D733BEDC-D38F-4315-B94F-19BAE0DB88C3}"
EndProject
Project("{9A19103F-16F7-4668-BE54-9A1E7A4F7556}") = "Shope.Api", "Shop.App\Shope.Api\Shope.Api.csproj", "{EFCA8510-0831-483B-A4B4-174EE0D70869}"
EndProject
Project("{2150E333-8FDC-42A3-9474-1A3956D46DE8}") = "Stock.Core", "Stock.Core", "{B2EF804C-F347-4A99-943E-AC815F8FBB7F}"
EndProject
Project("{2150E333-8FDC-42A3-9474-1A3956D46DE8}") = "Stock.Data", "Stock.Data", "{ED5A47C8-90EA-4850-989D-70773F6E606A}"
EndProject
Project("{2150E333-8FDC-42A3-9474-1A3956D46DE8}") = "Stock.Service", "Stock.Service", "{3E623BA4-DC14-4F6D-B1A1-D121BEAFF903}"
EndProject
Project("{2150E333-8FDC-42A3-9474-1A3956D46DE8}") = "Stock.App", "Stock.App", "{14C00829-FDE2-4838-B0CE-BC4047009F36}"
EndProject
Project("{9A19103F-16F7-4668-BE54-9A1E7A4F7556}") = "Stock.Core", "Stock.Core\Stock.Core\Stock.Core.csproj", "{E964DBFE-86DB-42F8-8E16-07A7520DD883}"
EndProject
Project("{9A19103F-16F7-4668-BE54-9A1E7A4F7556}") = "Stock.Data", "Shop.Data\ClassLibrary1\Stock.Data.csproj", "{99C663FE-6719-4577-99D7-5F59D848EF6E}"
EndProject
Project("{9A19103F-16F7-4668-BE54-9A1E7A4F7556}") = "Stock.service", "Stock.Service\Stock.service\Stock.service.csproj", "{2081C500-02B7-4CB9-B839-4DF07CE39FA0}"
EndProject
Project("{9A19103F-16F7-4668-BE54-9A1E7A4F7556}") = "Stock.Api", "Stock.Api\Stock.Api\Stock.Api.csproj", "{25F32CEA-C40A-4299-8968-DCD8D24CCA1B}"
EndProject
Global
	GlobalSection(SolutionConfigurationPlatforms) = preSolution
		Debug|Any CPU = Debug|Any CPU
		Release|Any CPU = Release|Any CPU
	EndGlobalSection
	GlobalSection(ProjectConfigurationPlatforms) = postSolution
		{06774609-3CFD-481E-AC9D-E53351D22E2F}.Debug|Any CPU.ActiveCfg = Debug|Any CPU
		{06774609-3CFD-481E-AC9D-E53351D22E2F}.Debug|Any CPU.Build.0 = Debug|Any CPU
		{06774609-3CFD-481E-AC9D-E53351D22E2F}.Release|Any CPU.ActiveCfg = Release|Any CPU
		{06774609-3CFD-481E-AC9D-E53351D22E2F}.Release|Any CPU.Build.0 = Release|Any CPU
		{AFF88059-E2E4-49B8-B9EB-3383D820C895}.Debug|Any CPU.ActiveCfg = Debug|Any CPU
		{AFF88059-E2E4-49B8-B9EB-3383D820C895}.Debug|Any CPU.Build.0 = Debug|Any CPU
		{AFF88059-E2E4-49B8-B9EB-3383D820C895}.Release|Any CPU.ActiveCfg = Release|Any CPU
		{AFF88059-E2E4-49B8-B9EB-3383D820C895}.Release|Any CPU.Build.0 = Release|Any CPU
		{BB1B301E-35BB-4ABE-AD58-990477B80A0B}.Debug|Any CPU.ActiveCfg = Debug|Any CPU
		{BB1B301E-35BB-4ABE-AD58-990477B80A0B}.Debug|Any CPU.Build.0 = Debug|Any CPU
		{BB1B301E-35BB-4ABE-AD58-990477B80A0B}.Release|Any CPU.ActiveCfg = Release|Any CPU
		{BB1B301E-35BB-4ABE-AD58-990477B80A0B}.Release|Any CPU.Build.0 = Release|Any CPU
		{EFCA8510-0831-483B-A4B4-174EE0D70869}.Debug|Any CPU.ActiveCfg = Debug|Any CPU
		{EFCA8510-0831-483B-A4B4-174EE0D70869}.Debug|Any CPU.Build.0 = Debug|Any CPU
		{EFCA8510-0831-483B-A4B4-174EE0D70869}.Release|Any CPU.ActiveCfg = Release|Any CPU
		{EFCA8510-0831-483B-A4B4-174EE0D70869}.Release|Any CPU.Build.0 = Release|Any CPU
		{E964DBFE-86DB-42F8-8E16-07A7520DD883}.Debug|Any CPU.ActiveCfg = Debug|Any CPU
		{E964DBFE-86DB-42F8-8E16-07A7520DD883}.Debug|Any CPU.Build.0 = Debug|Any CPU
		{E964DBFE-86DB-42F8-8E16-07A7520DD883}.Release|Any CPU.ActiveCfg = Release|Any CPU
		{E964DBFE-86DB-42F8-8E16-07A7520DD883}.Release|Any CPU.Build.0 = Release|Any CPU
		{99C663FE-6719-4577-99D7-5F59D848EF6E}.Debug|Any CPU.ActiveCfg = Debug|Any CPU
		{99C663FE-6719-4577-99D7-5F59D848EF6E}.Debug|Any CPU.Build.0 = Debug|Any CPU
		{99C663FE-6719-4577-99D7-5F59D848EF6E}.Release|Any CPU.ActiveCfg = Release|Any CPU
		{99C663FE-6719-4577-99D7-5F59D848EF6E}.Release|Any CPU.Build.0 = Release|Any CPU
		{2081C500-02B7-4CB9-B839-4DF07CE39FA0}.Debug|Any CPU.ActiveCfg = Debug|Any CPU
		{2081C500-02B7-4CB9-B839-4DF07CE39FA0}.Debug|Any CPU.Build.0 = Debug|Any CPU
		{2081C500-02B7-4CB9-B839-4DF07CE39FA0}.Release|Any CPU.ActiveCfg = Release|Any CPU
		{2081C500-02B7-4CB9-B839-4DF07CE39FA0}.Release|Any CPU.Build.0 = Release|Any CPU
		{25F32CEA-C40A-4299-8968-DCD8D24CCA1B}.Debug|Any CPU.ActiveCfg = Debug|Any CPU
		{25F32CEA-C40A-4299-8968-DCD8D24CCA1B}.Debug|Any CPU.Build.0 = Debug|Any CPU
		{25F32CEA-C40A-4299-8968-DCD8D24CCA1B}.Release|Any CPU.ActiveCfg = Release|Any CPU
		{25F32CEA-C40A-4299-8968-DCD8D24CCA1B}.Release|Any CPU.Build.0 = Release|Any CPU
	EndGlobalSection
	GlobalSection(SolutionProperties) = preSolution
		HideSolutionNode = FALSE
	EndGlobalSection
	GlobalSection(NestedProjects) = preSolution
		{06774609-3CFD-481E-AC9D-E53351D22E2F} = {789C4873-784D-4BE5-AE2C-993B91F55AF2}
		{AFF88059-E2E4-49B8-B9EB-3383D820C895} = {7E0C293A-91D9-4533-81BC-0953E7B8FDF8}
		{BB1B301E-35BB-4ABE-AD58-990477B80A0B} = {57F75460-754C-4C7D-8BF1-3DCCD8FF8FE3}
		{EFCA8510-0831-483B-A4B4-174EE0D70869} = {D733BEDC-D38F-4315-B94F-19BAE0DB88C3}
		{E964DBFE-86DB-42F8-8E16-07A7520DD883} = {B2EF804C-F347-4A99-943E-AC815F8FBB7F}
		{99C663FE-6719-4577-99D7-5F59D848EF6E} = {ED5A47C8-90EA-4850-989D-70773F6E606A}
		{2081C500-02B7-4CB9-B839-4DF07CE39FA0} = {3E623BA4-DC14-4F6D-B1A1-D121BEAFF903}
		{25F32CEA-C40A-4299-8968-DCD8D24CCA1B} = {14C00829-FDE2-4838-B0CE-BC4047009F36}
	EndGlobalSection
	GlobalSection(ExtensibilityGlobals) = postSolution
		SolutionGuid = {26E2719A-56EC-46A5-A612-16F7DA203E7E}
	EndGlobalSection
EndGlobal
